
Microsoft Visual Studio Solution File, Format Version 12.00
# Visual Studio Version 17
VisualStudioVersion = 17.0.31912.275
MinimumVisualStudioVersion = 10.0.40219.1
Project("{FAE04EC0-301F-11D3-BF4B-00C04F79EFBC}") = "Core", "Core\Core.csproj", "{91469D64-9516-4160-BF7F-9E1D3680A7FF}"
EndProject
Project("{FAE04EC0-301F-11D3-BF4B-00C04F79EFBC}") = "Business", "Business\Business.csproj", "{1C8D4533-826C-448F-B4B2-F9CC307D7378}"
EndProject
Project("{FAE04EC0-301F-11D3-BF4B-00C04F79EFBC}") = "DataAccess", "DataAccess\DataAccess.csproj", "{F137D973-90FE-428C-89BB-871A44C4D5D9}"
EndProject
Project("{FAE04EC0-301F-11D3-BF4B-00C04F79EFBC}") = "Entities", "Entities\Entities.csproj", "{BDD39D26-19C1-41EA-8C38-B9EB802CE043}"
EndProject
Project("{FAE04EC0-301F-11D3-BF4B-00C04F79EFBC}") = "WebAPI", "WebAPI\WebAPI.csproj", "{2DAEB39B-21EE-4BB6-B341-CBE462F47066}"
EndProject
Global
	GlobalSection(SolutionConfigurationPlatforms) = preSolution
		Debug|Any CPU = Debug|Any CPU
		Release|Any CPU = Release|Any CPU
	EndGlobalSection
	GlobalSection(ProjectConfigurationPlatforms) = postSolution
		{91469D64-9516-4160-BF7F-9E1D3680A7FF}.Debug|Any CPU.ActiveCfg = Debug|Any CPU
		{91469D64-9516-4160-BF7F-9E1D3680A7FF}.Debug|Any CPU.Build.0 = Debug|Any CPU
		{91469D64-9516-4160-BF7F-9E1D3680A7FF}.Release|Any CPU.ActiveCfg = Release|Any CPU
		{91469D64-9516-4160-BF7F-9E1D3680A7FF}.Release|Any CPU.Build.0 = Release|Any CPU
		{1C8D4533-826C-448F-B4B2-F9CC307D7378}.Debug|Any CPU.ActiveCfg = Debug|Any CPU
		{1C8D4533-826C-448F-B4B2-F9CC307D7378}.Debug|Any CPU.Build.0 = Debug|Any CPU
		{1C8D4533-826C-448F-B4B2-F9CC307D7378}.Release|Any CPU.ActiveCfg = Release|Any CPU
		{1C8D4533-826C-448F-B4B2-F9CC307D7378}.Release|Any CPU.Build.0 = Release|Any CPU
		{F137D973-90FE-428C-89BB-871A44C4D5D9}.Debug|Any CPU.ActiveCfg = Debug|Any CPU
		{F137D973-90FE-428C-89BB-871A44C4D5D9}.Debug|Any CPU.Build.0 = Debug|Any CPU
		{F137D973-90FE-428C-89BB-871A44C4D5D9}.Release|Any CPU.ActiveCfg = Release|Any CPU
		{F137D973-90FE-428C-89BB-871A44C4D5D9}.Release|Any CPU.Build.0 = Release|Any CPU
		{BDD39D26-19C1-41EA-8C38-B9EB802CE043}.Debug|Any CPU.ActiveCfg = Debug|Any CPU
		{BDD39D26-19C1-41EA-8C38-B9EB802CE043}.Debug|Any CPU.Build.0 = Debug|Any CPU
		{BDD39D26-19C1-41EA-8C38-B9EB802CE043}.Release|Any CPU.ActiveCfg = Release|Any CPU
		{BDD39D26-19C1-41EA-8C38-B9EB802CE043}.Release|Any CPU.Build.0 = Release|Any CPU
		{2DAEB39B-21EE-4BB6-B341-CBE462F47066}.Debug|Any CPU.ActiveCfg = Debug|Any CPU
		{2DAEB39B-21EE-4BB6-B341-CBE462F47066}.Debug|Any CPU.Build.0 = Debug|Any CPU
		{2DAEB39B-21EE-4BB6-B341-CBE462F47066}.Release|Any CPU.ActiveCfg = Release|Any CPU
		{2DAEB39B-21EE-4BB6-B341-CBE462F47066}.Release|Any CPU.Build.0 = Release|Any CPU
	EndGlobalSection
	GlobalSection(SolutionProperties) = preSolution
		HideSolutionNode = FALSE
	EndGlobalSection
	GlobalSection(ExtensibilityGlobals) = postSolution
		SolutionGuid = {4F36280E-4314-418C-B22E-5A45F9BA6CD4}
	EndGlobalSection
EndGlobal
